
Microsoft Visual Studio Solution File, Format Version 12.00
# Visual Studio Version 17
VisualStudioVersion = 17.11.35208.52
MinimumVisualStudioVersion = 10.0.40219.1
Project("{FAE04EC0-301F-11D3-BF4B-00C04F79EFBC}") = "RFID_WhiteList", "RFID_WhiteList.csproj", "{FC85B40D-5670-45B8-A64F-E33DE9F040CE}"
EndProject
Global
	GlobalSection(SolutionConfigurationPlatforms) = preSolution
		Debug|Any CPU = Debug|Any CPU
		Release|Any CPU = Release|Any CPU
	EndGlobalSection
	GlobalSection(ProjectConfigurationPlatforms) = postSolution
		{FC85B40D-5670-45B8-A64F-E33DE9F040CE}.Debug|Any CPU.ActiveCfg = Debug|Any CPU
		{FC85B40D-5670-45B8-A64F-E33DE9F040CE}.Debug|Any CPU.Build.0 = Debug|Any CPU
		{FC85B40D-5670-45B8-A64F-E33DE9F040CE}.Release|Any CPU.ActiveCfg = Release|Any CPU
		{FC85B40D-5670-45B8-A64F-E33DE9F040CE}.Release|Any CPU.Build.0 = Release|Any CPU
	EndGlobalSection
	GlobalSection(SolutionProperties) = preSolution
		HideSolutionNode = FALSE
	EndGlobalSection
	GlobalSection(ExtensibilityGlobals) = postSolution
		SolutionGuid = {9773A0CD-F881-4C36-8796-AD98B91C255F}
	EndGlobalSection
EndGlobal
